
Microsoft Visual Studio Solution File, Format Version 12.00
# Visual Studio Version 17
VisualStudioVersion = 17.7.34221.43
MinimumVisualStudioVersion = 10.0.40219.1
Project("{8BC9CEB8-8B4A-11D0-8D11-00A0C91BC942}") = "ServerCommon", "ServerCommon\ServerCommon.vcxproj", "{89FC11C1-632B-4542-8C8B-68598495BAC3}"
EndProject
Project("{8BC9CEB8-8B4A-11D0-8D11-00A0C91BC942}") = "TestClient", "TestClient\TestClient.vcxproj", "{041AD9D4-F049-4268-9402-40F66125C510}"
EndProject
Project("{8BC9CEB8-8B4A-11D0-8D11-00A0C91BC942}") = "ServerCoreLibrary", "ServerCoreLibrary\ServerCoreLibrary.vcxproj", "{DACFFB8F-CAA5-4D9E-80C7-6EAED46457F0}"
EndProject
Project("{8BC9CEB8-8B4A-11D0-8D11-00A0C91BC942}") = "GameServer", "GateServer\GateServer.vcxproj", "{25C819EB-4646-4339-BC7F-2348D1B9E69A}"
EndProject
Global
	GlobalSection(SolutionConfigurationPlatforms) = preSolution
		Debug|x64 = Debug|x64
		Debug|x86 = Debug|x86
		Release|x64 = Release|x64
		Release|x86 = Release|x86
	EndGlobalSection
	GlobalSection(ProjectConfigurationPlatforms) = postSolution
		{89FC11C1-632B-4542-8C8B-68598495BAC3}.Debug|x64.ActiveCfg = Debug|x64
		{89FC11C1-632B-4542-8C8B-68598495BAC3}.Debug|x64.Build.0 = Debug|x64
		{89FC11C1-632B-4542-8C8B-68598495BAC3}.Debug|x86.ActiveCfg = Debug|Win32
		{89FC11C1-632B-4542-8C8B-68598495BAC3}.Debug|x86.Build.0 = Debug|Win32
		{89FC11C1-632B-4542-8C8B-68598495BAC3}.Release|x64.ActiveCfg = Release|x64
		{89FC11C1-632B-4542-8C8B-68598495BAC3}.Release|x64.Build.0 = Release|x64
		{89FC11C1-632B-4542-8C8B-68598495BAC3}.Release|x86.ActiveCfg = Release|Win32
		{89FC11C1-632B-4542-8C8B-68598495BAC3}.Release|x86.Build.0 = Release|Win32
		{041AD9D4-F049-4268-9402-40F66125C510}.Debug|x64.ActiveCfg = Debug|x64
		{041AD9D4-F049-4268-9402-40F66125C510}.Debug|x64.Build.0 = Debug|x64
		{041AD9D4-F049-4268-9402-40F66125C510}.Debug|x86.ActiveCfg = Debug|Win32
		{041AD9D4-F049-4268-9402-40F66125C510}.Debug|x86.Build.0 = Debug|Win32
		{041AD9D4-F049-4268-9402-40F66125C510}.Release|x64.ActiveCfg = Release|x64
		{041AD9D4-F049-4268-9402-40F66125C510}.Release|x64.Build.0 = Release|x64
		{041AD9D4-F049-4268-9402-40F66125C510}.Release|x86.ActiveCfg = Release|Win32
		{041AD9D4-F049-4268-9402-40F66125C510}.Release|x86.Build.0 = Release|Win32
		{DACFFB8F-CAA5-4D9E-80C7-6EAED46457F0}.Debug|x64.ActiveCfg = Debug|x64
		{DACFFB8F-CAA5-4D9E-80C7-6EAED46457F0}.Debug|x64.Build.0 = Debug|x64
		{DACFFB8F-CAA5-4D9E-80C7-6EAED46457F0}.Debug|x86.ActiveCfg = Debug|Win32
		{DACFFB8F-CAA5-4D9E-80C7-6EAED46457F0}.Debug|x86.Build.0 = Debug|Win32
		{DACFFB8F-CAA5-4D9E-80C7-6EAED46457F0}.Release|x64.ActiveCfg = Release|x64
		{DACFFB8F-CAA5-4D9E-80C7-6EAED46457F0}.Release|x64.Build.0 = Release|x64
		{DACFFB8F-CAA5-4D9E-80C7-6EAED46457F0}.Release|x86.ActiveCfg = Release|Win32
		{DACFFB8F-CAA5-4D9E-80C7-6EAED46457F0}.Release|x86.Build.0 = Release|Win32
		{25C819EB-4646-4339-BC7F-2348D1B9E69A}.Debug|x64.ActiveCfg = Debug|x64
		{25C819EB-4646-4339-BC7F-2348D1B9E69A}.Debug|x64.Build.0 = Debug|x64
		{25C819EB-4646-4339-BC7F-2348D1B9E69A}.Debug|x86.ActiveCfg = Debug|Win32
		{25C819EB-4646-4339-BC7F-2348D1B9E69A}.Debug|x86.Build.0 = Debug|Win32
		{25C819EB-4646-4339-BC7F-2348D1B9E69A}.Release|x64.ActiveCfg = Release|x64
		{25C819EB-4646-4339-BC7F-2348D1B9E69A}.Release|x64.Build.0 = Release|x64
		{25C819EB-4646-4339-BC7F-2348D1B9E69A}.Release|x86.ActiveCfg = Release|Win32
		{25C819EB-4646-4339-BC7F-2348D1B9E69A}.Release|x86.Build.0 = Release|Win32
	EndGlobalSection
	GlobalSection(SolutionProperties) = preSolution
		HideSolutionNode = FALSE
	EndGlobalSection
	GlobalSection(ExtensibilityGlobals) = postSolution
		SolutionGuid = {D078C089-4F35-4D9F-A5AD-EC17A5883BE8}
	EndGlobalSection
EndGlobal
