<?xml version="1.0" encoding="utf-8"?>
<Project ToolsVersion="4.0" xmlns="http://schemas.microsoft.com/developer/msbuild/2003">
  <ItemGroup>
    <ClCompile Include="pch.cpp" />
    <ClCompile Include="IocpCore.cpp">
      <Filter>Net</Filter>
    </ClCompile>
    <ClCompile Include="Listener.cpp">
      <Filter>Net</Filter>
    </ClCompile>
    <ClCompile Include="RingBuffer.cpp">
      <Filter>Net</Filter>
    </ClCompile>
    <ClCompile Include="PacketDispatcher.cpp">
      <Filter>Net</Filter>
    </ClCompile>
    <ClCompile Include="NetworkManager.cpp">
      <Filter>Net</Filter>
    </ClCompile>
    <ClCompile Include="ConfigReader.cpp">
      <Filter>etc</Filter>
    </ClCompile>
    <ClCompile Include="ServerManager.cpp" />
    <ClCompile Include="ClientSession.cpp">
      <Filter>Session</Filter>
    </ClCompile>
    <ClCompile Include="ServerSession.cpp">
      <Filter>Session</Filter>
    </ClCompile>
    <ClCompile Include="Session.cpp">
      <Filter>Session</Filter>
    </ClCompile>
    <ClCompile Include="SessionManager.cpp">
      <Filter>Session</Filter>
    </ClCompile>
  </ItemGroup>
  <ItemGroup>
    <ClInclude Include="pch.h" />
    <ClInclude Include="IocpContext.h">
      <Filter>Net</Filter>
    </ClInclude>
    <ClInclude Include="IocpCore.h">
      <Filter>Net</Filter>
    </ClInclude>
    <ClInclude Include="Listener.h">
      <Filter>Net</Filter>
    </ClInclude>
    <ClInclude Include="RingBuffer.h">
      <Filter>Net</Filter>
    </ClInclude>
    <ClInclude Include="PacketDispatcher.h">
      <Filter>Net</Filter>
    </ClInclude>
    <ClInclude Include="NetworkManager.h">
      <Filter>Net</Filter>
    </ClInclude>
    <ClInclude Include="ConfigReader.h">
      <Filter>etc</Filter>
    </ClInclude>
    <ClInclude Include="ServerManager.h" />
    <ClInclude Include="ClientSession.h">
      <Filter>Session</Filter>
    </ClInclude>
    <ClInclude Include="ServerSession.h">
      <Filter>Session</Filter>
    </ClInclude>
    <ClInclude Include="Session.h">
      <Filter>Session</Filter>
    </ClInclude>
    <ClInclude Include="SessionManager.h">
      <Filter>Session</Filter>
    </ClInclude>
    <ClInclude Include="SessionType.h">
      <Filter>Session</Filter>
    </ClInclude>
  </ItemGroup>
  <ItemGroup>
    <Filter Include="Net">
      <UniqueIdentifier>{8ac4813b-34f3-4f1d-a0ac-8521cf73ac53}</UniqueIdentifier>
    </Filter>
    <Filter Include="etc">
      <UniqueIdentifier>{7c28fee1-7cda-4e41-b360-f53488788ee9}</UniqueIdentifier>
    </Filter>
    <Filter Include="Session">
      <UniqueIdentifier>{7b7e0cc2-3911-4a37-8555-f4112058cdf1}</UniqueIdentifier>
    </Filter>
  </ItemGroup>
</Project>